
Microsoft Visual Studio Solution File, Format Version 12.00
# Visual Studio 14
VisualStudioVersion = 14.0.23107.0
MinimumVisualStudioVersion = 14.0.23107.0
Project("{2150E333-8FDC-42A3-9474-1A3956D46DE8}") = "Rock_Raiders", "Rock_Raiders", "{98199DE3-227F-41DE-81A0-81EF326FEDD6}"
	ProjectSection(SiliconStudioPackage) = preProject
		Rock_Raiders/Rock_Raiders.xkpkg = Rock_Raiders/Rock_Raiders.xkpkg
	EndProjectSection
EndProject
Project("{FAE04EC0-301F-11D3-BF4B-00C04F79EFBC}") = "Rock_Raiders.Windows", "Rock_Raiders\Rock_Raiders.Windows\Rock_Raiders.Windows.csproj", "{C691153A-CA23-402C-87FE-31F2FD8E9553}"
EndProject
Project("{FAE04EC0-301F-11D3-BF4B-00C04F79EFBC}") = "Rock_Raiders.Game", "Rock_Raiders\Rock_Raiders.Game\Rock_Raiders.Game.csproj", "{6BC4D592-EAA2-4F15-BC41-E0AE499FF52F}"
EndProject
Global
	GlobalSection(SolutionConfigurationPlatforms) = preSolution
		AppStore|Any CPU = AppStore|Any CPU
		AppStore|Mixed Platforms = AppStore|Mixed Platforms
		AppStore|Windows = AppStore|Windows
		CoreCLR_Debug|Any CPU = CoreCLR_Debug|Any CPU
		CoreCLR_Debug|Mixed Platforms = CoreCLR_Debug|Mixed Platforms
		CoreCLR_Debug|Windows = CoreCLR_Debug|Windows
		CoreCLR_Release|Any CPU = CoreCLR_Release|Any CPU
		CoreCLR_Release|Mixed Platforms = CoreCLR_Release|Mixed Platforms
		CoreCLR_Release|Windows = CoreCLR_Release|Windows
		Debug|Any CPU = Debug|Any CPU
		Debug|Mixed Platforms = Debug|Mixed Platforms
		Debug|Windows = Debug|Windows
		Release|Any CPU = Release|Any CPU
		Release|Mixed Platforms = Release|Mixed Platforms
		Release|Windows = Release|Windows
		Testing|Any CPU = Testing|Any CPU
		Testing|Mixed Platforms = Testing|Mixed Platforms
		Testing|Windows = Testing|Windows
	EndGlobalSection
	GlobalSection(ProjectConfigurationPlatforms) = postSolution
		{C691153A-CA23-402C-87FE-31F2FD8E9553}.AppStore|Any CPU.ActiveCfg = AppStore|Any CPU
		{C691153A-CA23-402C-87FE-31F2FD8E9553}.AppStore|Any CPU.Build.0 = AppStore|Any CPU
		{C691153A-CA23-402C-87FE-31F2FD8E9553}.AppStore|Any CPU.Deploy.0 = AppStore|Any CPU
		{C691153A-CA23-402C-87FE-31F2FD8E9553}.AppStore|Mixed Platforms.ActiveCfg = AppStore|Any CPU
		{C691153A-CA23-402C-87FE-31F2FD8E9553}.AppStore|Mixed Platforms.Build.0 = AppStore|Any CPU
		{C691153A-CA23-402C-87FE-31F2FD8E9553}.AppStore|Mixed Platforms.Deploy.0 = AppStore|Any CPU
		{C691153A-CA23-402C-87FE-31F2FD8E9553}.AppStore|Windows.ActiveCfg = AppStore|Any CPU
		{C691153A-CA23-402C-87FE-31F2FD8E9553}.AppStore|Windows.Build.0 = AppStore|Any CPU
		{C691153A-CA23-402C-87FE-31F2FD8E9553}.AppStore|Windows.Deploy.0 = AppStore|Any CPU
		{C691153A-CA23-402C-87FE-31F2FD8E9553}.CoreCLR_Debug|Any CPU.ActiveCfg = CoreCLR_Debug|Any CPU
		{C691153A-CA23-402C-87FE-31F2FD8E9553}.CoreCLR_Debug|Any CPU.Build.0 = CoreCLR_Debug|Any CPU
		{C691153A-CA23-402C-87FE-31F2FD8E9553}.CoreCLR_Debug|Any CPU.Deploy.0 = CoreCLR_Debug|Any CPU
		{C691153A-CA23-402C-87FE-31F2FD8E9553}.CoreCLR_Debug|Mixed Platforms.ActiveCfg = CoreCLR_Debug|Any CPU
		{C691153A-CA23-402C-87FE-31F2FD8E9553}.CoreCLR_Debug|Mixed Platforms.Build.0 = CoreCLR_Debug|Any CPU
		{C691153A-CA23-402C-87FE-31F2FD8E9553}.CoreCLR_Debug|Mixed Platforms.Deploy.0 = CoreCLR_Debug|Any CPU
		{C691153A-CA23-402C-87FE-31F2FD8E9553}.CoreCLR_Debug|Windows.ActiveCfg = CoreCLR_Debug|Any CPU
		{C691153A-CA23-402C-87FE-31F2FD8E9553}.CoreCLR_Debug|Windows.Build.0 = CoreCLR_Debug|Any CPU
		{C691153A-CA23-402C-87FE-31F2FD8E9553}.CoreCLR_Debug|Windows.Deploy.0 = CoreCLR_Debug|Any CPU
		{C691153A-CA23-402C-87FE-31F2FD8E9553}.CoreCLR_Release|Any CPU.ActiveCfg = CoreCLR_Release|Any CPU
		{C691153A-CA23-402C-87FE-31F2FD8E9553}.CoreCLR_Release|Any CPU.Build.0 = CoreCLR_Release|Any CPU
		{C691153A-CA23-402C-87FE-31F2FD8E9553}.CoreCLR_Release|Any CPU.Deploy.0 = CoreCLR_Release|Any CPU
		{C691153A-CA23-402C-87FE-31F2FD8E9553}.CoreCLR_Release|Mixed Platforms.ActiveCfg = CoreCLR_Release|Any CPU
		{C691153A-CA23-402C-87FE-31F2FD8E9553}.CoreCLR_Release|Mixed Platforms.Build.0 = CoreCLR_Release|Any CPU
		{C691153A-CA23-402C-87FE-31F2FD8E9553}.CoreCLR_Release|Mixed Platforms.Deploy.0 = CoreCLR_Release|Any CPU
		{C691153A-CA23-402C-87FE-31F2FD8E9553}.CoreCLR_Release|Windows.ActiveCfg = CoreCLR_Release|Any CPU
		{C691153A-CA23-402C-87FE-31F2FD8E9553}.CoreCLR_Release|Windows.Build.0 = CoreCLR_Release|Any CPU
		{C691153A-CA23-402C-87FE-31F2FD8E9553}.CoreCLR_Release|Windows.Deploy.0 = CoreCLR_Release|Any CPU
		{C691153A-CA23-402C-87FE-31F2FD8E9553}.Debug|Any CPU.ActiveCfg = Debug|Any CPU
		{C691153A-CA23-402C-87FE-31F2FD8E9553}.Debug|Any CPU.Build.0 = Debug|Any CPU
		{C691153A-CA23-402C-87FE-31F2FD8E9553}.Debug|Any CPU.Deploy.0 = Debug|Any CPU
		{C691153A-CA23-402C-87FE-31F2FD8E9553}.Debug|Mixed Platforms.ActiveCfg = Debug|Any CPU
		{C691153A-CA23-402C-87FE-31F2FD8E9553}.Debug|Mixed Platforms.Build.0 = Debug|Any CPU
		{C691153A-CA23-402C-87FE-31F2FD8E9553}.Debug|Mixed Platforms.Deploy.0 = Debug|Any CPU
		{C691153A-CA23-402C-87FE-31F2FD8E9553}.Debug|Windows.ActiveCfg = Debug|Any CPU
		{C691153A-CA23-402C-87FE-31F2FD8E9553}.Debug|Windows.Build.0 = Debug|Any CPU
		{C691153A-CA23-402C-87FE-31F2FD8E9553}.Debug|Windows.Deploy.0 = Debug|Any CPU
		{C691153A-CA23-402C-87FE-31F2FD8E9553}.Release|Any CPU.ActiveCfg = Release|Any CPU
		{C691153A-CA23-402C-87FE-31F2FD8E9553}.Release|Any CPU.Build.0 = Release|Any CPU
		{C691153A-CA23-402C-87FE-31F2FD8E9553}.Release|Any CPU.Deploy.0 = Release|Any CPU
		{C691153A-CA23-402C-87FE-31F2FD8E9553}.Release|Mixed Platforms.ActiveCfg = Release|Any CPU
		{C691153A-CA23-402C-87FE-31F2FD8E9553}.Release|Mixed Platforms.Build.0 = Release|Any CPU
		{C691153A-CA23-402C-87FE-31F2FD8E9553}.Release|Mixed Platforms.Deploy.0 = Release|Any CPU
		{C691153A-CA23-402C-87FE-31F2FD8E9553}.Release|Windows.ActiveCfg = Release|Any CPU
		{C691153A-CA23-402C-87FE-31F2FD8E9553}.Release|Windows.Build.0 = Release|Any CPU
		{C691153A-CA23-402C-87FE-31F2FD8E9553}.Release|Windows.Deploy.0 = Release|Any CPU
		{C691153A-CA23-402C-87FE-31F2FD8E9553}.Testing|Any CPU.ActiveCfg = Testing|Any CPU
		{C691153A-CA23-402C-87FE-31F2FD8E9553}.Testing|Any CPU.Build.0 = Testing|Any CPU
		{C691153A-CA23-402C-87FE-31F2FD8E9553}.Testing|Any CPU.Deploy.0 = Testing|Any CPU
		{C691153A-CA23-402C-87FE-31F2FD8E9553}.Testing|Mixed Platforms.ActiveCfg = Testing|Any CPU
		{C691153A-CA23-402C-87FE-31F2FD8E9553}.Testing|Mixed Platforms.Build.0 = Testing|Any CPU
		{C691153A-CA23-402C-87FE-31F2FD8E9553}.Testing|Mixed Platforms.Deploy.0 = Testing|Any CPU
		{C691153A-CA23-402C-87FE-31F2FD8E9553}.Testing|Windows.ActiveCfg = Testing|Any CPU
		{C691153A-CA23-402C-87FE-31F2FD8E9553}.Testing|Windows.Build.0 = Testing|Any CPU
		{C691153A-CA23-402C-87FE-31F2FD8E9553}.Testing|Windows.Deploy.0 = Testing|Any CPU
		{6BC4D592-EAA2-4F15-BC41-E0AE499FF52F}.AppStore|Any CPU.ActiveCfg = AppStore|Any CPU
		{6BC4D592-EAA2-4F15-BC41-E0AE499FF52F}.AppStore|Any CPU.Build.0 = AppStore|Any CPU
		{6BC4D592-EAA2-4F15-BC41-E0AE499FF52F}.AppStore|Mixed Platforms.ActiveCfg = AppStore|Any CPU
		{6BC4D592-EAA2-4F15-BC41-E0AE499FF52F}.AppStore|Mixed Platforms.Build.0 = AppStore|Any CPU
		{6BC4D592-EAA2-4F15-BC41-E0AE499FF52F}.AppStore|Windows.ActiveCfg = AppStore|Any CPU
		{6BC4D592-EAA2-4F15-BC41-E0AE499FF52F}.AppStore|Windows.Build.0 = AppStore|Any CPU
		{6BC4D592-EAA2-4F15-BC41-E0AE499FF52F}.CoreCLR_Debug|Any CPU.ActiveCfg = CoreCLR_Debug|Any CPU
		{6BC4D592-EAA2-4F15-BC41-E0AE499FF52F}.CoreCLR_Debug|Any CPU.Build.0 = CoreCLR_Debug|Any CPU
		{6BC4D592-EAA2-4F15-BC41-E0AE499FF52F}.CoreCLR_Debug|Mixed Platforms.ActiveCfg = CoreCLR_Debug|Any CPU
		{6BC4D592-EAA2-4F15-BC41-E0AE499FF52F}.CoreCLR_Debug|Mixed Platforms.Build.0 = CoreCLR_Debug|Any CPU
		{6BC4D592-EAA2-4F15-BC41-E0AE499FF52F}.CoreCLR_Debug|Windows.ActiveCfg = CoreCLR_Debug|Any CPU
		{6BC4D592-EAA2-4F15-BC41-E0AE499FF52F}.CoreCLR_Debug|Windows.Build.0 = CoreCLR_Debug|Any CPU
		{6BC4D592-EAA2-4F15-BC41-E0AE499FF52F}.CoreCLR_Release|Any CPU.ActiveCfg = CoreCLR_Release|Any CPU
		{6BC4D592-EAA2-4F15-BC41-E0AE499FF52F}.CoreCLR_Release|Any CPU.Build.0 = CoreCLR_Release|Any CPU
		{6BC4D592-EAA2-4F15-BC41-E0AE499FF52F}.CoreCLR_Release|Mixed Platforms.ActiveCfg = CoreCLR_Release|Any CPU
		{6BC4D592-EAA2-4F15-BC41-E0AE499FF52F}.CoreCLR_Release|Mixed Platforms.Build.0 = CoreCLR_Release|Any CPU
		{6BC4D592-EAA2-4F15-BC41-E0AE499FF52F}.CoreCLR_Release|Windows.ActiveCfg = CoreCLR_Release|Any CPU
		{6BC4D592-EAA2-4F15-BC41-E0AE499FF52F}.CoreCLR_Release|Windows.Build.0 = CoreCLR_Release|Any CPU
		{6BC4D592-EAA2-4F15-BC41-E0AE499FF52F}.Debug|Any CPU.ActiveCfg = Debug|Any CPU
		{6BC4D592-EAA2-4F15-BC41-E0AE499FF52F}.Debug|Any CPU.Build.0 = Debug|Any CPU
		{6BC4D592-EAA2-4F15-BC41-E0AE499FF52F}.Debug|Mixed Platforms.ActiveCfg = Debug|Any CPU
		{6BC4D592-EAA2-4F15-BC41-E0AE499FF52F}.Debug|Mixed Platforms.Build.0 = Debug|Any CPU
		{6BC4D592-EAA2-4F15-BC41-E0AE499FF52F}.Debug|Windows.ActiveCfg = Debug|Any CPU
		{6BC4D592-EAA2-4F15-BC41-E0AE499FF52F}.Debug|Windows.Build.0 = Debug|Any CPU
		{6BC4D592-EAA2-4F15-BC41-E0AE499FF52F}.Release|Any CPU.ActiveCfg = Release|Any CPU
		{6BC4D592-EAA2-4F15-BC41-E0AE499FF52F}.Release|Any CPU.Build.0 = Release|Any CPU
		{6BC4D592-EAA2-4F15-BC41-E0AE499FF52F}.Release|Mixed Platforms.ActiveCfg = Release|Any CPU
		{6BC4D592-EAA2-4F15-BC41-E0AE499FF52F}.Release|Mixed Platforms.Build.0 = Release|Any CPU
		{6BC4D592-EAA2-4F15-BC41-E0AE499FF52F}.Release|Windows.ActiveCfg = Release|Any CPU
		{6BC4D592-EAA2-4F15-BC41-E0AE499FF52F}.Release|Windows.Build.0 = Release|Any CPU
		{6BC4D592-EAA2-4F15-BC41-E0AE499FF52F}.Testing|Any CPU.ActiveCfg = Testing|Any CPU
		{6BC4D592-EAA2-4F15-BC41-E0AE499FF52F}.Testing|Any CPU.Build.0 = Testing|Any CPU
		{6BC4D592-EAA2-4F15-BC41-E0AE499FF52F}.Testing|Mixed Platforms.ActiveCfg = Testing|Any CPU
		{6BC4D592-EAA2-4F15-BC41-E0AE499FF52F}.Testing|Mixed Platforms.Build.0 = Testing|Any CPU
		{6BC4D592-EAA2-4F15-BC41-E0AE499FF52F}.Testing|Windows.ActiveCfg = Testing|Any CPU
		{6BC4D592-EAA2-4F15-BC41-E0AE499FF52F}.Testing|Windows.Build.0 = Testing|Any CPU
	EndGlobalSection
	GlobalSection(NestedProjects) = preSolution
		{C691153A-CA23-402C-87FE-31F2FD8E9553} = {98199DE3-227F-41DE-81A0-81EF326FEDD6}
		{6BC4D592-EAA2-4F15-BC41-E0AE499FF52F} = {98199DE3-227F-41DE-81A0-81EF326FEDD6}
	EndGlobalSection
EndGlobal
